{
  "nodes": {
    "colmena": {
      "inputs": {
        "flake-compat": "flake-compat",
        "naersk": "naersk",
        "nixpkgs": "nixpkgs",
        "utils": "utils"
      },
      "locked": {
        "lastModified": 1619939702,
        "narHash": "sha256-ETNQSN5MI14KWx1WzJwB5VD9MADnCuJJhTMYgoRlAf0=",
        "owner": "ArctarusLimited",
        "repo": "colmena",
        "rev": "af5d834e2138a7ebbc4be054b4fcac07abcfa0f0",
        "type": "github"
      },
      "original": {
        "owner": "ArctarusLimited",
        "ref": "feat/flake-support",
        "repo": "colmena",
        "type": "github"
      }
    },
    "flake-compat": {
      "flake": false,
      "locked": {
        "lastModified": 1606424373,
        "narHash": "sha256-oq8d4//CJOrVj+EcOaSXvMebvuTkmBJuT5tzlfewUnQ=",
        "owner": "edolstra",
        "repo": "flake-compat",
        "rev": "99f1c2157fba4bfe6211a321fd0ee43199025dbf",
        "type": "github"
      },
      "original": {
        "owner": "edolstra",
        "repo": "flake-compat",
        "type": "github"
      }
    },
    "flake-utils": {
      "locked": {
        "lastModified": 1608663846,
        "narHash": "sha256-YOAXeoNLW0IubQ6AZLGuSj5kAD5n4DYXLYReLtyds1A=",
        "owner": "numtide",
        "repo": "flake-utils",
        "rev": "a68df93a37cd5137ac22ffeb2d8a03acf253cc24",
        "type": "github"
      },
      "original": {
        "owner": "numtide",
        "ref": "flatten-tree-system",
        "repo": "flake-utils",
        "type": "github"
      }
    },
    "home": {
      "inputs": {
        "nixpkgs": [
          "nixpkgs"
        ]
      },
      "locked": {
        "lastModified": 1622917919,
        "narHash": "sha256-9gAIwbQyLhK78bEV648k4tfLK6JkYiPk9QdTECpLuOE=",
        "owner": "nix-community",
        "repo": "home-manager",
        "rev": "148d85ee8303444fb0116943787aa0b1b25f94df",
        "type": "github"
      },
      "original": {
        "owner": "nix-community",
        "ref": "release-21.05",
        "repo": "home-manager",
        "type": "github"
      }
    },
    "impermanence": {
      "locked": {
        "lastModified": 1611747548,
        "narHash": "sha256-2z5wmWda1uI4IkTZrW52jiHq3bzhYLc+GgjvaSd544M=",
        "owner": "nix-community",
        "repo": "impermanence",
        "rev": "58558845bc68dcf2bb32caa80564f7fe3f6cbc61",
        "type": "github"
      },
      "original": {
        "owner": "nix-community",
        "repo": "impermanence",
        "type": "github"
      }
    },
    "naersk": {
      "inputs": {
        "nixpkgs": [
          "colmena",
          "nixpkgs"
        ]
      },
      "locked": {
        "lastModified": 1614785451,
        "narHash": "sha256-TPw8kQvr2UNCuvndtY+EjyXp6Q5GEW2l9UafXXh1XmI=",
        "owner": "nmattia",
        "repo": "naersk",
        "rev": "e0fe990b478a66178a58c69cf53daec0478ca6f9",
        "type": "github"
      },
      "original": {
        "owner": "nmattia",
        "ref": "master",
        "repo": "naersk",
        "type": "github"
      }
    },
    "nixos": {
      "locked": {
        "lastModified": 1623452651,
        "narHash": "sha256-MsI+qZasVDzHj48yH8SqA/w/wMarW7M0/jjcMRsDYZE=",
        "owner": "NixOS",
        "repo": "nixpkgs",
        "rev": "20fb5871648830ba1d96929042b99d1ba09baf5d",
        "type": "github"
      },
      "original": {
        "id": "nixpkgs",
        "ref": "release-21.05",
        "type": "indirect"
      }
    },
    "nixos-hardware": {
      "locked": {
        "lastModified": 1623315106,
        "narHash": "sha256-a2/8mVCuZWQUIWOQGCmUvtT813ZwnL0VRdwE3VzRaLU=",
        "owner": "NixOS",
        "repo": "nixos-hardware",
        "rev": "6bea9761693b5d185d34bef205edb25a8081db57",
        "type": "github"
      },
      "original": {
        "owner": "NixOS",
        "ref": "master",
        "repo": "nixos-hardware",
        "type": "github"
      }
    },
    "nixpkgs": {
      "locked": {
        "lastModified": 1616259034,
        "narHash": "sha256-WlMIiGIXJm7J+jemzd+ksoun6znWmabCZNz76szV158=",
        "owner": "NixOS",
        "repo": "nixpkgs",
        "rev": "4e0d3868c679da20108db402785f924daa1a7fb5",
        "type": "github"
      },
      "original": {
        "owner": "NixOS",
        "ref": "nixpkgs-unstable",
        "repo": "nixpkgs",
        "type": "github"
      }
    },
    "nixpkgs_2": {
      "locked": {
        "lastModified": 1623452651,
        "narHash": "sha256-MsI+qZasVDzHj48yH8SqA/w/wMarW7M0/jjcMRsDYZE=",
        "owner": "NixOS",
        "repo": "nixpkgs",
        "rev": "20fb5871648830ba1d96929042b99d1ba09baf5d",
        "type": "github"
      },
      "original": {
        "id": "nixpkgs",
        "ref": "release-21.05",
        "type": "indirect"
      }
    },
    "nur": {
      "locked": {
        "lastModified": 1623463632,
        "narHash": "sha256-T2Horr8pbRnj1KjT3gmVUQ5aVH8bWctqmMHiM8TUMLA=",
        "owner": "nix-community",
        "repo": "NUR",
        "rev": "bfbe155fd1d77bd0d47b456024d46e774a9c5651",
        "type": "github"
      },
      "original": {
        "owner": "nix-community",
        "repo": "NUR",
        "type": "github"
      }
    },
    "root": {
      "inputs": {
        "colmena": "colmena",
        "flake-utils": "flake-utils",
        "home": "home",
        "impermanence": "impermanence",
        "nixos": "nixos",
        "nixos-hardware": "nixos-hardware",
        "nixpkgs": "nixpkgs_2",
        "nur": "nur",
        "unstable": "unstable"
      }
    },
    "unstable": {
      "locked": {
        "lastModified": 1623351542,
        "narHash": "sha256-c/m6tD4VqnbTRV+EJJ/iJBsSOkCW38YkedyzAAuBphs=",
        "path": "/nix/store/95pg5ryx49k7gcc0lagjda2vrfbvckvi-source",
        "rev": "231132170902a5d36c8b2f7447528496ee616e6e",
        "type": "path"
      },
      "original": {
        "id": "nixpkgs",
        "type": "indirect"
      }
    },
    "utils": {
      "locked": {
        "lastModified": 1614513358,
        "narHash": "sha256-LakhOx3S1dRjnh0b5Dg3mbZyH0ToC9I8Y2wKSkBaTzU=",
        "owner": "numtide",
        "repo": "flake-utils",
        "rev": "5466c5bbece17adaab2d82fae80b46e807611bf3",
        "type": "github"
      },
      "original": {
        "owner": "numtide",
        "repo": "flake-utils",
        "type": "github"
      }
    }
  },
  "root": "root",
  "version": 7
}
