{
  "nodes": {
    "flake-utils": {
      "locked": {
        "lastModified": 1608663846,
        "narHash": "sha256-YOAXeoNLW0IubQ6AZLGuSj5kAD5n4DYXLYReLtyds1A=",
        "owner": "numtide",
        "repo": "flake-utils",
        "rev": "a68df93a37cd5137ac22ffeb2d8a03acf253cc24",
        "type": "github"
      },
      "original": {
        "owner": "numtide",
        "ref": "flatten-tree-system",
        "repo": "flake-utils",
        "type": "github"
      }
    },
    "nixos": {
      "locked": {
        "lastModified": 1615335068,
        "narHash": "sha256-ARlU5a0NMkXKUcyQ7SWufUbCvnnoztFLXF5fft1d99o=",
        "owner": "NixOS",
        "repo": "nixpkgs",
        "rev": "ec3b7fca65e9b2e82485604477599f8f7b7fb2b6",
        "type": "github"
      },
      "original": {
        "id": "nixpkgs",
        "ref": "release-20.09",
        "type": "indirect"
      }
    },
    "nixos-hardware": {
      "locked": {
        "lastModified": 1615019476,
        "narHash": "sha256-BYm1OOJYwPsd6nRT2EsiSWr2rCg3cI9HTlhyYPc8c+Q=",
        "owner": "NixOS",
        "repo": "nixos-hardware",
        "rev": "720d531b1cc0b4824d295bb38f3784aebf91a1a1",
        "type": "github"
      },
      "original": {
        "owner": "NixOS",
        "ref": "master",
        "repo": "nixos-hardware",
        "type": "github"
      }
    },
    "nixpkgs": {
      "locked": {
        "lastModified": 1615335068,
        "narHash": "sha256-ARlU5a0NMkXKUcyQ7SWufUbCvnnoztFLXF5fft1d99o=",
        "owner": "NixOS",
        "repo": "nixpkgs",
        "rev": "ec3b7fca65e9b2e82485604477599f8f7b7fb2b6",
        "type": "github"
      },
      "original": {
        "id": "nixpkgs",
        "ref": "release-20.09",
        "type": "indirect"
      }
    },
    "nur": {
      "locked": {
        "lastModified": 1615359887,
        "narHash": "sha256-dBU2Ava8A4gOz3v3Svas//z/zk04adKOY/zRKWL2bJ4=",
        "owner": "nix-community",
        "repo": "NUR",
        "rev": "369ea69f02aacebc0f54e2a68ee89144cfae503a",
        "type": "github"
      },
      "original": {
        "owner": "nix-community",
        "repo": "NUR",
        "type": "github"
      }
    },
    "root": {
      "inputs": {
        "flake-utils": "flake-utils",
        "nixos": "nixos",
        "nixos-hardware": "nixos-hardware",
        "nixpkgs": "nixpkgs",
        "nur": "nur",
        "unstable": "unstable"
      }
    },
    "unstable": {
      "locked": {
        "lastModified": 1614705646,
        "narHash": "sha256-FrGDIdOSssMeYjJqYXvikitAmod9m3O2G5tIeVjZfyc=",
        "path": "/nix/store/86cjk6mv32c232zxrsx4a4barmlpqdkw-source",
        "rev": "463fd05dcb2056d32b011cf8d2e4626fa8cd9058",
        "type": "path"
      },
      "original": {
        "id": "nixpkgs",
        "type": "indirect"
      }
    }
  },
  "root": "root",
  "version": 7
}
